
Microsoft Visual Studio Solution File, Format Version 12.00
Project("{FAE04EC0-301F-11D3-BF4B-00C04F79EFBC}") = "DuckDbTest", "DuckDbTest\DuckDbTest.csproj", "{C5BD83CC-0666-46CF-BB47-D65433AFEE36}"
EndProject
Global
	GlobalSection(SolutionConfigurationPlatforms) = preSolution
		Debug|Any CPU = Debug|Any CPU
		Release|Any CPU = Release|Any CPU
	EndGlobalSection
	GlobalSection(ProjectConfigurationPlatforms) = postSolution
		{C5BD83CC-0666-46CF-BB47-D65433AFEE36}.Debug|Any CPU.ActiveCfg = Debug|Any CPU
		{C5BD83CC-0666-46CF-BB47-D65433AFEE36}.Debug|Any CPU.Build.0 = Debug|Any CPU
		{C5BD83CC-0666-46CF-BB47-D65433AFEE36}.Release|Any CPU.ActiveCfg = Release|Any CPU
		{C5BD83CC-0666-46CF-BB47-D65433AFEE36}.Release|Any CPU.Build.0 = Release|Any CPU
	EndGlobalSection
EndGlobal
